
Microsoft Visual Studio Solution File, Format Version 12.00
# Visual Studio Version 17
VisualStudioVersion = 17.11.35222.181
MinimumVisualStudioVersion = 10.0.40219.1
Project("{FAE04EC0-301F-11D3-BF4B-00C04F79EFBC}") = "HelpDesk", "HelpDesk\HelpDesk.csproj", "{1C8C8628-5335-4B6F-9C1B-480D7DAC3DE6}"
EndProject
Global
	GlobalSection(SolutionConfigurationPlatforms) = preSolution
		Debug|Any CPU = Debug|Any CPU
		Release|Any CPU = Release|Any CPU
	EndGlobalSection
	GlobalSection(ProjectConfigurationPlatforms) = postSolution
		{1C8C8628-5335-4B6F-9C1B-480D7DAC3DE6}.Debug|Any CPU.ActiveCfg = Debug|Any CPU
		{1C8C8628-5335-4B6F-9C1B-480D7DAC3DE6}.Debug|Any CPU.Build.0 = Debug|Any CPU
		{1C8C8628-5335-4B6F-9C1B-480D7DAC3DE6}.Release|Any CPU.ActiveCfg = Release|Any CPU
		{1C8C8628-5335-4B6F-9C1B-480D7DAC3DE6}.Release|Any CPU.Build.0 = Release|Any CPU
	EndGlobalSection
	GlobalSection(SolutionProperties) = preSolution
		HideSolutionNode = FALSE
	EndGlobalSection
	GlobalSection(ExtensibilityGlobals) = postSolution
		SolutionGuid = {A9C0CF76-9A0A-4CEF-92AB-7CC776378681}
	EndGlobalSection
EndGlobal
